
Microsoft Visual Studio Solution File, Format Version 12.00
# Visual Studio Version 16
VisualStudioVersion = 16.0.31702.278
MinimumVisualStudioVersion = 10.0.40219.1
Project("{FAE04EC0-301F-11D3-BF4B-00C04F79EFBC}") = "App", "App\App.csproj", "{979B060A-C262-4CB3-A62D-CEFAAEB75BA6}"
EndProject
Global
	GlobalSection(SolutionConfigurationPlatforms) = preSolution
		Debug|Any CPU = Debug|Any CPU
		Release|Any CPU = Release|Any CPU
	EndGlobalSection
	GlobalSection(ProjectConfigurationPlatforms) = postSolution
		{979B060A-C262-4CB3-A62D-CEFAAEB75BA6}.Debug|Any CPU.ActiveCfg = Debug|Any CPU
		{979B060A-C262-4CB3-A62D-CEFAAEB75BA6}.Debug|Any CPU.Build.0 = Debug|Any CPU
		{979B060A-C262-4CB3-A62D-CEFAAEB75BA6}.Release|Any CPU.ActiveCfg = Release|Any CPU
		{979B060A-C262-4CB3-A62D-CEFAAEB75BA6}.Release|Any CPU.Build.0 = Release|Any CPU
	EndGlobalSection
	GlobalSection(SolutionProperties) = preSolution
		HideSolutionNode = FALSE
	EndGlobalSection
	GlobalSection(ExtensibilityGlobals) = postSolution
		SolutionGuid = {0E891DCF-E96D-4D48-9188-AB4EB7AA5F59}
	EndGlobalSection
EndGlobal
